// !$*UTF8*$!
{
	archiveVersion = 1;
	classes = {
	};
	objectVersion = 46;
	objects = {

/* Begin PBXBuildFile section */
		D5503A761A32485300C2B902 /* main.m in Sources */ = {isa = PBXBuildFile; fileRef = D5503A751A32485300C2B902 /* main.m */; };
		D5503AC21A32561900C2B902 /* TaggedSentences.m in Sources */ = {isa = PBXBuildFile; fileRef = D5503AC11A32561900C2B902 /* TaggedSentences.m */; };
/* End PBXBuildFile section */

/* Begin PBXCopyFilesBuildPhase section */
		D5503A701A32485300C2B902 /* CopyFiles */ = {
			isa = PBXCopyFilesBuildPhase;
			buildActionMask = 2147483647;
			dstPath = /usr/share/man/man1/;
			dstSubfolderSpec = 0;
			files = (
			);
			runOnlyForDeploymentPostprocessing = 1;
		};
/* End PBXCopyFilesBuildPhase section */

/* Begin PBXFileReference section */
		D5503A721A32485300C2B902 /* FluentialTest */ = {isa = PBXFileReference; explicitFileType = "compiled.mach-o.executable"; includeInIndex = 0; path = FluentialTest; sourceTree = BUILT_PRODUCTS_DIR; };
		D5503A751A32485300C2B902 /* main.m */ = {isa = PBXFileReference; lastKnownFileType = sourcecode.c.objc; path = main.m; sourceTree = "<group>"; };
		D5503AC01A32561900C2B902 /* TaggedSentences.h */ = {isa = PBXFileReference; fileEncoding = 4; lastKnownFileType = sourcecode.c.h; path = TaggedSentences.h; sourceTree = "<group>"; };
		D5503AC11A32561900C2B902 /* TaggedSentences.m */ = {isa = PBXFileReference; fileEncoding = 4; lastKnownFileType = sourcecode.c.objc; path = TaggedSentences.m; sourceTree = "<group>"; };
/* End PBXFileReference section */

/* Begin PBXFrameworksBuildPhase section */
		D5503A6F1A32485300C2B902 /* Frameworks */ = {
			isa = PBXFrameworksBuildPhase;
			buildActionMask = 2147483647;
			files = (
			);
			runOnlyForDeploymentPostprocessing = 0;
		};
/* End PBXFrameworksBuildPhase section */

/* Begin PBXGroup section */
		D5503A691A32485300C2B902 = {
			isa = PBXGroup;
			children = (
				D5503A741A32485300C2B902 /* FluentialTest */,
				D5503A731A32485300C2B902 /* Products */,
			);
			sourceTree = "<group>";
		};
		D5503A731A32485300C2B902 /* Products */ = {
			isa = PBXGroup;
			children = (
				D5503A721A32485300C2B902 /* FluentialTest */,
			);
			name = Products;
			sourceTree = "<group>";
		};
		D5503A741A32485300C2B902 /* FluentialTest */ = {
			isa = PBXGroup;
			children = (
				D5503A751A32485300C2B902 /* main.m */,
				D5503AC01A32561900C2B902 /* TaggedSentences.h */,
				D5503AC11A32561900C2B902 /* TaggedSentences.m */,
			);
			path = FluentialTest;
			sourceTree = "<group>";
		};
/* End PBXGroup section */

/* Begin PBXNativeTarget section */
		D5503A711A32485300C2B902 /* FluentialTest */ = {
			isa = PBXNativeTarget;
			buildConfigurationList = D5503A791A32485300C2B902 /* Build configuration list for PBXNativeTarget "FluentialTest" */;
			buildPhases = (
				D5503A6E1A32485300C2B902 /* Sources */,
				D5503A6F1A32485300C2B902 /* Frameworks */,
				D5503A701A32485300C2B902 /* CopyFiles */,
			);
			buildRules = (
			);
			dependencies = (
			);
			name = FluentialTest;
			productName = FluentialTest;
			productReference = D5503A721A32485300C2B902 /* FluentialTest */;
			productType = "com.apple.product-type.tool";
		};
/* End PBXNativeTarget section */

/* Begin PBXProject section */
		D5503A6A1A32485300C2B902 /* Project object */ = {
			isa = PBXProject;
			attributes = {
				LastUpgradeCheck = 0610;
				ORGANIZATIONNAME = Braen;
				TargetAttributes = {
					D5503A711A32485300C2B902 = {
						CreatedOnToolsVersion = 6.1;
					};
				};
			};
			buildConfigurationList = D5503A6D1A32485300C2B902 /* Build configuration list for PBXProject "FluentialTest" */;
			compatibilityVersion = "Xcode 3.2";
			developmentRegion = English;
			hasScannedForEncodings = 0;
			knownRegions = (
				en,
			);
			mainGroup = D5503A691A32485300C2B902;
			productRefGroup = D5503A731A32485300C2B902 /* Products */;
			projectDirPath = "";
			projectRoot = "";
			targets = (
				D5503A711A32485300C2B902 /* FluentialTest */,
			);
		};
/* End PBXProject section */

/* Begin PBXSourcesBuildPhase section */
		D5503A6E1A32485300C2B902 /* Sources */ = {
			isa = PBXSourcesBuildPhase;
			buildActionMask = 2147483647;
			files = (
				D5503AC21A32561900C2B902 /* TaggedSentences.m in Sources */,
				D5503A761A32485300C2B902 /* main.m in Sources */,
			);
			runOnlyForDeploymentPostprocessing = 0;
		};
/* End PBXSourcesBuildPhase section */

/* Begin XCBuildConfiguration section */
		D5503A771A32485300C2B902 /* Debug */ = {
			isa = XCBuildConfiguration;
			buildSettings = {
				ALWAYS_SEARCH_USER_PATHS = NO;
				CLANG_CXX_LANGUAGE_STANDARD = "gnu++0x";
				CLANG_CXX_LIBRARY = "libc++";
				CLANG_ENABLE_MODULES = YES;
				CLANG_ENABLE_OBJC_ARC = YES;
				CLANG_WARN_BOOL_CONVERSION = YES;
				CLANG_WARN_CONSTANT_CONVERSION = YES;
				CLANG_WARN_DIRECT_OBJC_ISA_USAGE = YES_ERROR;
				CLANG_WARN_EMPTY_BODY = YES;
				CLANG_WARN_ENUM_CONVERSION = YES;
				CLANG_WARN_INT_CONVERSION = YES;
				CLANG_WARN_OBJC_ROOT_CLASS = YES_ERROR;
				CLANG_WARN_UNREACHABLE_CODE = YES;
				CLANG_WARN__DUPLICATE_METHOD_MATCH = YES;
				COPY_PHASE_STRIP = NO;
				ENABLE_STRICT_OBJC_MSGSEND = YES;
				GCC_C_LANGUAGE_STANDARD = gnu99;
				GCC_DYNAMIC_NO_PIC = NO;
				GCC_OPTIMIZATION_LEVEL = 0;
				GCC_PREPROCESSOR_DEFINITIONS = (
					"DEBUG=1",
					"$(inherited)",
				);
				GCC_SYMBOLS_PRIVATE_EXTERN = NO;
				GCC_WARN_64_TO_32_BIT_CONVERSION = YES;
				GCC_WARN_ABOUT_RETURN_TYPE = YES_ERROR;
				GCC_WARN_UNDECLARED_SELECTOR = YES;
				GCC_WARN_UNINITIALIZED_AUTOS = YES_AGGRESSIVE;
				GCC_WARN_UNUSED_FUNCTION = YES;
				GCC_WARN_UNUSED_VARIABLE = YES;
				MACOSX_DEPLOYMENT_TARGET = 10.9;
				MTL_ENABLE_DEBUG_INFO = YES;
				ONLY_ACTIVE_ARCH = YES;
				SDKROOT = macosx;
			};
			name = Debug;
		};
		D5503A781A32485300C2B902 /* Release */ = {
			isa = XCBuildConfiguration;
			buildSettings = {
				ALWAYS_SEARCH_USER_PATHS = NO;
				CLANG_CXX_LANGUAGE_STANDARD = "gnu++0x";
				CLANG_CXX_LIBRARY = "libc++";
				CLANG_ENABLE_MODULES = YES;
				CLANG_ENABLE_OBJC_ARC = YES;
				CLANG_WARN_BOOL_CONVERSION = YES;
				CLANG_WARN_CONSTANT_CONVERSION = YES;
				CLANG_WARN_DIRECT_OBJC_ISA_USAGE = YES_ERROR;
				CLANG_WARN_EMPTY_BODY = YES;
				CLANG_WARN_ENUM_CONVERSION = YES;
				CLANG_WARN_INT_CONVERSION = YES;
				CLANG_WARN_OBJC_ROOT_CLASS = YES_ERROR;
				CLANG_WARN_UNREACHABLE_CODE = YES;
				CLANG_WARN__DUPLICATE_METHOD_MATCH = YES;
				COPY_PHASE_STRIP = YES;
				DEBUG_INFORMATION_FORMAT = "dwarf-with-dsym";
				ENABLE_NS_ASSERTIONS = NO;
				ENABLE_STRICT_OBJC_MSGSEND = YES;
				GCC_C_LANGUAGE_STANDARD = gnu99;
				GCC_WARN_64_TO_32_BIT_CONVERSION = YES;
				GCC_WARN_ABOUT_RETURN_TYPE = YES_ERROR;
				GCC_WARN_UNDECLARED_SELECTOR = YES;
				GCC_WARN_UNINITIALIZED_AUTOS = YES_AGGRESSIVE;
				GCC_WARN_UNUSED_FUNCTION = YES;
				GCC_WARN_UNUSED_VARIABLE = YES;
				MACOSX_DEPLOYMENT_TARGET = 10.9;
				MTL_ENABLE_DEBUG_INFO = NO;
				SDKROOT = macosx;
			};
			name = Release;
		};
		D5503A7A1A32485300C2B902 /* Debug */ = {
			isa = XCBuildConfiguration;
			buildSettings = {
				PRODUCT_NAME = "$(TARGET_NAME)";
			};
			name = Debug;
		};
		D5503A7B1A32485300C2B902 /* Release */ = {
			isa = XCBuildConfiguration;
			buildSettings = {
				PRODUCT_NAME = "$(TARGET_NAME)";
			};
			name = Release;
		};
/* End XCBuildConfiguration section */

/* Begin XCConfigurationList section */
		D5503A6D1A32485300C2B902 /* Build configuration list for PBXProject "FluentialTest" */ = {
			isa = XCConfigurationList;
			buildConfigurations = (
				D5503A771A32485300C2B902 /* Debug */,
				D5503A781A32485300C2B902 /* Release */,
			);
			defaultConfigurationIsVisible = 0;
			defaultConfigurationName = Release;
		};
		D5503A791A32485300C2B902 /* Build configuration list for PBXNativeTarget "FluentialTest" */ = {
			isa = XCConfigurationList;
			buildConfigurations = (
				D5503A7A1A32485300C2B902 /* Debug */,
				D5503A7B1A32485300C2B902 /* Release */,
			);
			defaultConfigurationIsVisible = 0;
			defaultConfigurationName = Release;
		};
/* End XCConfigurationList section */
	};
	rootObject = D5503A6A1A32485300C2B902 /* Project object */;
}
